{
  "name": "nativescript-i18n",
  "version": "1.0.0",
  "lockfileVersion": 1,
  "requires": true,
  "dependencies": {
    "@nativescript/core": {
      "version": "7.3.0",
      "resolved": "https://registry.npmjs.org/@nativescript/core/-/core-7.3.0.tgz",
      "integrity": "sha512-YfRbMxojiCHjrdYl2OqxYrmf6YPi4eB/xUGr4SFsIY/ruPojWpmb+cW3NvqIHJ+rPpYRAjhKL+FpQ6QdZK6dTw==",
      "dev": true,
      "requires": {
        "@nativescript/hook": "~2.0.0",
        "css-tree": "^1.0.0-alpha.39",
        "reduce-css-calc": "^2.1.7",
        "tslib": "~2.0.0"
      },
      "dependencies": {
        "tslib": {
          "version": "2.0.3",
          "resolved": "https://registry.npmjs.org/tslib/-/tslib-2.0.3.tgz",
          "integrity": "sha512-uZtkfKblCEQtZKBF6EBXVZeQNl82yqtDQdv+eck8u7tdPxjLu2/lp5/uPW+um2tpuxINHWy3GhiccY7QgEaVHQ==",
          "dev": true
        }
      }
    },
    "@nativescript/hook": {
      "version": "2.0.0",
      "resolved": "https://registry.npmjs.org/@nativescript/hook/-/hook-2.0.0.tgz",
      "integrity": "sha512-v3Hj3Zpd69sQJfFpDNXonV0EjO1a2OL4l48wlo1Ycsqk4r7RY822d/irFTjt0LllRG0OcdEGgfG6wKb0YgPyHw==",
      "requires": {
        "glob": "^7.1.0",
        "mkdirp": "^1.0.4"
      },
      "dependencies": {
        "glob": {
          "version": "7.1.7",
          "resolved": "https://registry.npmjs.org/glob/-/glob-7.1.7.tgz",
          "integrity": "sha512-OvD9ENzPLbegENnYP5UUfJIirTg4+XwMWGaQfQTY0JenxNvvIKP3U3/tAQSPIu/lHxXYSZmpXlUHeqAIdKzBLQ==",
          "requires": {
            "fs.realpath": "^1.0.0",
            "inflight": "^1.0.4",
            "inherits": "2",
            "minimatch": "^3.0.4",
            "once": "^1.3.0",
            "path-is-absolute": "^1.0.0"
          }
        },
        "mkdirp": {
          "version": "1.0.4",
          "resolved": "https://registry.npmjs.org/mkdirp/-/mkdirp-1.0.4.tgz",
          "integrity": "sha512-vVqVZQyf3WLx2Shd0qJ9xuvqgAyKPLAiqITEtqW0oIUjzo3PePDd6fW9iFz30ef7Ysp/oiWqbhszeGWW2T6Gzw=="
        }
      }
    },
    "@nativescript/types": {
      "version": "7.3.0",
      "resolved": "https://registry.npmjs.org/@nativescript/types/-/types-7.3.0.tgz",
      "integrity": "sha512-Mf0t8DEUddpy04SZwcAnAS9dTq+7gi9HyAU68uxcf/QwWHxDg8DeInZL+jP7dK4IRLLrellBkPrW7LBOL3tsuQ==",
      "dev": true,
      "requires": {
        "@nativescript/types-android": "7.3.0",
        "@nativescript/types-ios": "7.3.0"
      }
    },
    "@nativescript/types-android": {
      "version": "7.3.0",
      "resolved": "https://registry.npmjs.org/@nativescript/types-android/-/types-android-7.3.0.tgz",
      "integrity": "sha512-8TmvoS2xJWCWIJBocKQKyHa892mmqs+U6cK/yDJycEai5GYcf30yqxGOQ8a/mby3RuTWI4Bs+Y4CJmsCNlxd0Q==",
      "dev": true
    },
    "@nativescript/types-ios": {
      "version": "7.3.0",
      "resolved": "https://registry.npmjs.org/@nativescript/types-ios/-/types-ios-7.3.0.tgz",
      "integrity": "sha512-Tyzh95MzFaDi9ZTAZ+YLKOv+LbjOxf4nKjL7ljWSQ+7js30Xa0gg3DxtTifqoD+oxU10VPQi8mZTWjVVpRK2MQ==",
      "dev": true
    },
    "balanced-match": {
      "version": "1.0.0",
      "resolved": "https://registry.npmjs.org/balanced-match/-/balanced-match-1.0.0.tgz",
      "integrity": "sha1-ibTRmasr7kneFk6gK4nORi1xt2c="
    },
    "base64-js": {
      "version": "1.2.0",
      "resolved": "https://registry.npmjs.org/base64-js/-/base64-js-1.2.0.tgz",
      "integrity": "sha1-o5mS1yNYSBGYK+XikLtqU9hnAPE="
    },
    "brace-expansion": {
      "version": "1.1.11",
      "resolved": "https://registry.npmjs.org/brace-expansion/-/brace-expansion-1.1.11.tgz",
      "integrity": "sha512-iCuPHDFgrHX7H2vEI/5xpz07zSHB00TpugqhmYtVmMO6518mCuRMoOYFldEBl0g187ufozdaHgWKcYFb61qGiA==",
      "requires": {
        "balanced-match": "^1.0.0",
        "concat-map": "0.0.1"
      }
    },
    "concat-map": {
      "version": "0.0.1",
      "resolved": "https://registry.npmjs.org/concat-map/-/concat-map-0.0.1.tgz",
      "integrity": "sha1-2Klr13/Wjfd5OnMDajug1UBdR3s="
    },
    "css-tree": {
      "version": "1.1.3",
      "resolved": "https://registry.npmjs.org/css-tree/-/css-tree-1.1.3.tgz",
      "integrity": "sha512-tRpdppF7TRazZrjJ6v3stzv93qxRcSsFmW6cX0Zm2NVKpxE1WV1HblnghVv9TreireHkqI/VDEsfolRF1p6y7Q==",
      "dev": true,
      "requires": {
        "mdn-data": "2.0.14",
        "source-map": "^0.6.1"
      }
    },
    "css-unit-converter": {
      "version": "1.1.2",
      "resolved": "https://registry.npmjs.org/css-unit-converter/-/css-unit-converter-1.1.2.tgz",
      "integrity": "sha512-IiJwMC8rdZE0+xiEZHeru6YoONC4rfPMqGm2W85jMIbkFvv5nFTwJVFHam2eFrN6txmoUYFAFXiv8ICVeTO0MA==",
      "dev": true
    },
    "format": {
      "version": "0.2.2",
      "resolved": "https://registry.npmjs.org/format/-/format-0.2.2.tgz",
      "integrity": "sha1-1hcBB+nv3E7TDJ3DkBbflCtctYs="
    },
    "fs.realpath": {
      "version": "1.0.0",
      "resolved": "https://registry.npmjs.org/fs.realpath/-/fs.realpath-1.0.0.tgz",
      "integrity": "sha1-FQStJSMVjKpA20onh8sBQRmU6k8="
    },
    "globals": {
      "version": "9.18.0",
      "resolved": "https://registry.npmjs.org/globals/-/globals-9.18.0.tgz",
      "integrity": "sha512-S0nG3CLEQiY/ILxqtztTWH/3iRRdyBLw6KMDxnKMchrtbj2OFmehVh0WUCfW3DUrIgx/qFrJPICrq4Z4sTR9UQ=="
    },
    "inflight": {
      "version": "1.0.6",
      "resolved": "https://registry.npmjs.org/inflight/-/inflight-1.0.6.tgz",
      "integrity": "sha1-Sb1jMdfQLQwJvJEKEHW6gWW1bfk=",
      "requires": {
        "once": "^1.3.0",
        "wrappy": "1"
      }
    },
    "inherits": {
      "version": "2.0.4",
      "resolved": "https://registry.npmjs.org/inherits/-/inherits-2.0.4.tgz",
      "integrity": "sha512-k/vGaX4/Yla3WzyMCvTQOXYeIHvqOKtnqBduzTHpzpQZzAskKMhZ2K+EnBiSM9zGSoIFeMpXKxa4dYeZIQqewQ=="
    },
    "mdn-data": {
      "version": "2.0.14",
      "resolved": "https://registry.npmjs.org/mdn-data/-/mdn-data-2.0.14.tgz",
      "integrity": "sha512-dn6wd0uw5GsdswPFfsgMp5NSB0/aDe6fK94YJV/AJDYXL6HVLWBsxeq7js7Ad+mU2K9LAlwpk6kN2D5mwCPVow==",
      "dev": true
    },
    "minimatch": {
      "version": "3.0.4",
      "resolved": "https://registry.npmjs.org/minimatch/-/minimatch-3.0.4.tgz",
      "integrity": "sha512-yJHVQEhyqPLUTgt9B83PXu6W3rx4MvvHvSUvToogpwoGDOUQ+yDrR0HRot+yOCdCO7u4hX3pWft6kWBBcqh0UA==",
      "requires": {
        "brace-expansion": "^1.1.7"
      }
    },
    "once": {
      "version": "1.4.0",
      "resolved": "https://registry.npmjs.org/once/-/once-1.4.0.tgz",
      "integrity": "sha1-WDsap3WWHUsROsF9nFC6753Xa9E=",
      "requires": {
        "wrappy": "1"
      }
    },
    "path-is-absolute": {
      "version": "1.0.1",
      "resolved": "https://registry.npmjs.org/path-is-absolute/-/path-is-absolute-1.0.1.tgz",
      "integrity": "sha1-F0uSaHNVNP+8es5r9TpanhtcX18="
    },
    "plist": {
      "version": "2.1.0",
      "resolved": "https://registry.npmjs.org/plist/-/plist-2.1.0.tgz",
      "integrity": "sha1-V8zbeggh3yGDEhejytVOPhRqECU=",
      "requires": {
        "base64-js": "1.2.0",
        "xmlbuilder": "8.2.2",
        "xmldom": "0.1.x"
      },
      "dependencies": {
        "xmldom": {
          "version": "0.1.31",
          "resolved": "https://registry.npmjs.org/xmldom/-/xmldom-0.1.31.tgz",
          "integrity": "sha512-yS2uJflVQs6n+CyjHoaBmVSqIDevTAWrzMmjG1Gc7h1qQ7uVozNhEPJAwZXWyGQ/Gafo3fCwrcaokezLPupVyQ=="
        }
      }
    },
    "postcss-value-parser": {
      "version": "3.3.1",
      "resolved": "https://registry.npmjs.org/postcss-value-parser/-/postcss-value-parser-3.3.1.tgz",
      "integrity": "sha512-pISE66AbVkp4fDQ7VHBwRNXzAAKJjw4Vw7nWI/+Q3vuly7SNfgYXvm6i5IgFylHGK5sP/xHAbB7N49OS4gWNyQ==",
      "dev": true
    },
    "reduce-css-calc": {
      "version": "2.1.8",
      "resolved": "https://registry.npmjs.org/reduce-css-calc/-/reduce-css-calc-2.1.8.tgz",
      "integrity": "sha512-8liAVezDmUcH+tdzoEGrhfbGcP7nOV4NkGE3a74+qqvE7nt9i4sKLGBuZNOnpI4WiGksiNPklZxva80061QiPg==",
      "dev": true,
      "requires": {
        "css-unit-converter": "^1.1.1",
        "postcss-value-parser": "^3.3.0"
      }
    },
    "source-map": {
      "version": "0.6.1",
      "resolved": "https://registry.npmjs.org/source-map/-/source-map-0.6.1.tgz",
      "integrity": "sha512-UjgapumWlbMhkBgzT7Ykc5YXUT46F0iKu8SGXq0bcwP5dz/h0Plj6enJqjz1Zbq2l5WaqYnrVbwWOWMyF3F47g==",
      "dev": true
    },
    "wrappy": {
      "version": "1.0.2",
      "resolved": "https://registry.npmjs.org/wrappy/-/wrappy-1.0.2.tgz",
      "integrity": "sha1-tSQ9jz7BqjXxNkYFvA0QNuMKtp8="
    },
    "xmlbuilder": {
      "version": "8.2.2",
      "resolved": "https://registry.npmjs.org/xmlbuilder/-/xmlbuilder-8.2.2.tgz",
      "integrity": "sha1-aSSGc0ELS6QuGmE2VR0pIjNap3M="
    },
    "xmldom": {
      "version": "0.6.0",
      "resolved": "https://registry.npmjs.org/xmldom/-/xmldom-0.6.0.tgz",
      "integrity": "sha512-iAcin401y58LckRZ0TkI4k0VSM1Qg0KGSc3i8rU+xrxe19A/BN1zHyVSJY7uoutVlaTSzYyk/v5AmkewAP7jtg=="
    }
  }
}
